[[package]]
category = "main"
description = "Standard OpenGL bindings for Python"
name = "pyopengl"
optional = false
python-versions = "*"
version = "3.1.4"

[[package]]
category = "main"
description = "Python bindings for the Qt cross platform UI and application toolkit"
name = "pyqt5"
optional = false
python-versions = "*"
version = "5.13.1"

[package.dependencies]
PyQt5_sip = ">=4.19.19,<13"

[[package]]
category = "main"
description = "The sip module support for PyQt5"
name = "pyqt5-sip"
optional = false
python-versions = ">=3.5"
version = "12.7.0"

[[package]]
category = "main"
description = "PEP561 stub files for the PyQt5 framework"
name = "pyqt5-stubs"
optional = false
python-versions = "*"
version = "5.13.1.3"

[package.dependencies]
PyQt5 = "5.13.1"

[[package]]
category = "main"
description = "Reactive Extensions (Rx) for Python"
name = "rx"
optional = false
python-versions = ">=3.6.0"
version = "3.0.1"

[metadata]
content-hash = "3eff187514fbafb10923faf3e44e2bbe27aa2e7217a0a880de2a67427362fa28"
python-versions = "^3.7"

[metadata.files]
pyopengl = [
    {file = "PyOpenGL-3.1.4.tar.gz", hash = "sha256:0bdf5ed600df30c8830455702338902528717c0af85ac5914f1dc5aa0bfa6eee"},
]
pyqt5 = [
    {file = "PyQt5-5.13.1-5.13.1-cp35.cp36.cp37.cp38-abi3-macosx_10_6_intel.whl", hash = "sha256:73f982b60819cc6d7cb0007b8b0cd11073e2546d74e0463726149e6a9d087caa"},
    {file = "PyQt5-5.13.1-5.13.1-cp35.cp36.cp37.cp38-abi3-manylinux1_x86_64.whl", hash = "sha256:f8e76070782e68ba200eb2b67babf89ac629df5e36d2f4c680ef34ae40c8f964"},
    {file = "PyQt5-5.13.1-5.13.1-cp35.cp36.cp37.cp38-none-win32.whl", hash = "sha256:6420d8c9de8746917bd2afe24f29b3722aabde36d1e9f8c34354f5b7fb7b987d"},
    {file = "PyQt5-5.13.1-5.13.1-cp35.cp36.cp37.cp38-none-win_amd64.whl", hash = "sha256:8e6125f110133069e8f4a085022cfc6b4a0af5b3c9009999a749007c299e965d"},
]
pyqt5-sip = [
    {file = "PyQt5_sip-12.7.0-cp35-cp35m-macosx_10_6_intel.whl", hash = "sha256:1910c1cb5a388d4e59ebb2895d7015f360f3f6eeb1700e7e33e866c53137eb9e"},
    {file = "PyQt5_sip-12.7.0-cp35-cp35m-manylinux1_x86_64.whl", hash = "sha256:b43ba2f18999d41c3df72f590348152e14cd4f6dcea2058c734d688dfb1ec61f"},
    {file = "PyQt5_sip-12.7.0-cp35-cp35m-win32.whl", hash = "sha256:fabff832046643cdb93920ddaa8f77344df90768930fbe6bb33d211c4dcd0b5e"},
    {file = "PyQt5_sip-12.7.0-cp35-cp35m-win_amd64.whl", hash = "sha256:8274ed50f4ffbe91d0f4cc5454394631edfecd75dc327aa01be8bc5818a57e88"},
    {file = "PyQt5_sip-12.7.0-cp36-cp36m-macosx_10_6_intel.whl", hash = "sha256:ef3c7a0bf78674b0dda86ff5809d8495019903a096c128e1f160984b37848f73"},
    {file = "PyQt5_sip-12.7.0-cp36-cp36m-manylinux1_x86_64.whl", hash = "sha256:3c330ff1f70b3eaa6f63dce9274df996dffea82ad9726aa8e3d6cbe38e986b2f"},
    {file = "PyQt5_sip-12.7.0-cp36-cp36m-win32.whl", hash = "sha256:9047d887d97663790d811ac4e0d2e895f1bf2ecac4041691487de40c30239480"},
    {file = "PyQt5_sip-12.7.0-cp36-cp36m-win_amd64.whl", hash = "sha256:9f6ab1417ecfa6c1ce6ce941e0cebc03e3ec9cd9925058043229a5f003ae5e40"},
    {file = "PyQt5_sip-12.7.0-cp37-cp37m-macosx_10_9_x86_64.whl", hash = "sha256:06bc66b50556fb949f14875a4c224423dbf03f972497ccb883fb19b7b7c3b346"},
    {file = "PyQt5_sip-12.7.0-cp37-cp37m-manylinux1_x86_64.whl", hash = "sha256:482a910fa73ee0e36c258d7646ef38f8061774bbc1765a7da68c65056b573341"},
    {file = "PyQt5_sip-12.7.0-cp37-cp37m-win32.whl", hash = "sha256:1c7ad791ec86247f35243bbbdd29cd59989afbe0ab678e0a41211f4407f21dd8"},
    {file = "PyQt5_sip-12.7.0-cp37-cp37m-win_amd64.whl", hash = "sha256:da69ba17f6ece9a85617743cb19de689f2d63025bf8001e2facee2ec9bcff18f"},
    {file = "PyQt5_sip-12.7.0-cp38-cp38-macosx_10_9_x86_64.whl", hash = "sha256:02d94786bada670ab17a2b62ce95b3cf8e3b40c99d36007593a6334d551840bb"},
    {file = "PyQt5_sip-12.7.0-cp38-cp38-manylinux1_x86_64.whl", hash = "sha256:c3ab9ea1bc3f4ce8c57ebc66fb25cd044ef92ed1ca2afa3729854ecc59658905"},
    {file = "PyQt5_sip-12.7.0-cp38-cp38-win32.whl", hash = "sha256:7695dfafb4f5549ce1290ae643d6508dfc2646a9003c989218be3ce42a1aa422"},
    {file = "PyQt5_sip-12.7.0-cp38-cp38-win_amd64.whl", hash = "sha256:091fbbe10a7aebadc0e8897a9449cda08d3c3f663460d812eca3001ca1ed3526"},
    {file = "PyQt5_sip-12.7.0.tar.gz", hash = "sha256:0a067ade558befe4d46335b13d8b602b5044363bfd601419b556d4ec659bca18"},
]
pyqt5-stubs = [
    {file = "PyQt5-stubs-5.13.1.3.tar.gz", hash = "sha256:d1ebd54d12a71edb89b74ee8f5698dcf964946e56464156cc09f82b7b438cd7c"},
]
rx = [
    {file = "Rx-3.0.1-py3-none-any.whl", hash = "sha256:00c4ab3ecd1ab9a55f310d05e20ae7f93d3cdd1150de5c56347e67a1ecd73963"},
    {file = "Rx-3.0.1.tar.gz", hash = "sha256:c7d168618e3cec35fda9c9c8b5d7f966739df4b1a99b315eae1fc2d7d69e2512"},
]
