[[package]]
category = "main"
description = "Reactive Extensions (Rx) for Python"
name = "rx"
optional = false
python-versions = ">=3.6.0"
version = "3.0.1"

[metadata]
content-hash = "bf07ef1896e4517f68c910b8a50666e9d0a95be3af7861c5a8e3cb905e1845f9"
python-versions = "^3.7"

[metadata.files]
rx = [
    {file = "Rx-3.0.1-py3-none-any.whl", hash = "sha256:00c4ab3ecd1ab9a55f310d05e20ae7f93d3cdd1150de5c56347e67a1ecd73963"},
    {file = "Rx-3.0.1.tar.gz", hash = "sha256:c7d168618e3cec35fda9c9c8b5d7f966739df4b1a99b315eae1fc2d7d69e2512"},
]
